// !$*UTF8*$!
{
	archiveVersion = 1;
	classes = {
	};
	objectVersion = 48;
	objects = {

/* Begin PBXBuildFile section */
		4B0D4F161F7CCCB000DA40BD /* test2.jpg in Resources */ = {isa = PBXBuildFile; fileRef = 4B0D4F151F7CCCB000DA40BD /* test2.jpg */; };
		4B0D4F181F7CE44400DA40BD /* test3.jpg in Resources */ = {isa = PBXBuildFile; fileRef = 4B0D4F171F7CE44300DA40BD /* test3.jpg */; };
		4B311A6E1F7B676800E472A4 /* AppDelegate.swift in Sources */ = {isa = PBXBuildFile; fileRef = 4B311A6D1F7B676800E472A4 /* AppDelegate.swift */; };
		4B311A781F7B676800E472A4 /* LaunchScreen.storyboard in Resources */ = {isa = PBXBuildFile; fileRef = 4B311A761F7B676800E472A4 /* LaunchScreen.storyboard */; };
		4B311A841F7B68B400E472A4 /* Assets.xcassets in Resources */ = {isa = PBXBuildFile; fileRef = 4B311A811F7B68B400E472A4 /* Assets.xcassets */; };
		4B311A851F7B68B400E472A4 /* Info.plist in Resources */ = {isa = PBXBuildFile; fileRef = 4B311A821F7B68B400E472A4 /* Info.plist */; };
		4B311A8A1F7B694000E472A4 /* Main.storyboard in Resources */ = {isa = PBXBuildFile; fileRef = 4B311A891F7B694000E472A4 /* Main.storyboard */; };
		4B311A8C1F7B695100E472A4 /* MainController.swift in Sources */ = {isa = PBXBuildFile; fileRef = 4B311A8B1F7B695100E472A4 /* MainController.swift */; };
		4B311A8E1F7B6A0200E472A4 /* MainCell.swift in Sources */ = {isa = PBXBuildFile; fileRef = 4B311A8D1F7B6A0200E472A4 /* MainCell.swift */; };
		4B311A901F7B6AD400E472A4 /* MainExtension.swift in Sources */ = {isa = PBXBuildFile; fileRef = 4B311A8F1F7B6AD400E472A4 /* MainExtension.swift */; };
		4B311A921F7B6B4900E472A4 /* MainViewModel.swift in Sources */ = {isa = PBXBuildFile; fileRef = 4B311A911F7B6B4900E472A4 /* MainViewModel.swift */; };
		4B311A941F7B6DCE00E472A4 /* ChapterInfo.swift in Sources */ = {isa = PBXBuildFile; fileRef = 4B311A931F7B6DCE00E472A4 /* ChapterInfo.swift */; };
		4B311A961F7B6EB900E472A4 /* Chapter1.storyboard in Resources */ = {isa = PBXBuildFile; fileRef = 4B311A951F7B6EB900E472A4 /* Chapter1.storyboard */; };
		4B311A981F7B6ECC00E472A4 /* Chapter1Controller.swift in Sources */ = {isa = PBXBuildFile; fileRef = 4B311A971F7B6ECC00E472A4 /* Chapter1Controller.swift */; };
		4B311A9B1F7B747200E472A4 /* Chapter2.storyboard in Resources */ = {isa = PBXBuildFile; fileRef = 4B311A9A1F7B747200E472A4 /* Chapter2.storyboard */; };
		4B311A9D1F7B748100E472A4 /* Chapter2Controller.swift in Sources */ = {isa = PBXBuildFile; fileRef = 4B311A9C1F7B748100E472A4 /* Chapter2Controller.swift */; };
		4BA484411F8A5C0400E3600B /* AiyaCameraSDK.bundle in Resources */ = {isa = PBXBuildFile; fileRef = 4BA4843F1F8A5C0400E3600B /* AiyaCameraSDK.bundle */; };
		4BA484421F8A5C0400E3600B /* AiyaCameraSDK.framework in Frameworks */ = {isa = PBXBuildFile; fileRef = 4BA484401F8A5C0400E3600B /* AiyaCameraSDK.framework */; };
		4BA484491F8A5EEB00E3600B /* libz.tbd in Frameworks */ = {isa = PBXBuildFile; fileRef = 4BA484481F8A5EEB00E3600B /* libz.tbd */; };
		4BA4844B1F8A5EF100E3600B /* libc++.tbd in Frameworks */ = {isa = PBXBuildFile; fileRef = 4BA4844A1F8A5EF100E3600B /* libc++.tbd */; };
		4BA4844D1F8A5EF700E3600B /* libiconv.tbd in Frameworks */ = {isa = PBXBuildFile; fileRef = 4BA4844C1F8A5EF600E3600B /* libiconv.tbd */; };
		4BA4845C1F8C5FB600E3600B /* AiyaDrawTrackPointFilter.m in Sources */ = {isa = PBXBuildFile; fileRef = 4BA484541F8C5FB500E3600B /* AiyaDrawTrackPointFilter.m */; };
		4BA4845D1F8C5FB600E3600B /* AiyaGLDrawPoint.m in Sources */ = {isa = PBXBuildFile; fileRef = 4BA484561F8C5FB500E3600B /* AiyaGLDrawPoint.m */; };
		4BA4845E1F8C5FB600E3600B /* AiyaTrackInput.m in Sources */ = {isa = PBXBuildFile; fileRef = 4BA484591F8C5FB600E3600B /* AiyaTrackInput.m */; };
		4BA4845F1F8C5FB600E3600B /* AiyaTrackEffect.m in Sources */ = {isa = PBXBuildFile; fileRef = 4BA4845B1F8C5FB600E3600B /* AiyaTrackEffect.m */; };
		4BA4846C1F8D15F900E3600B /* huxu.png in Resources */ = {isa = PBXBuildFile; fileRef = 4BA484641F8D15F800E3600B /* huxu.png */; };
		4BA4846D1F8D15F900E3600B /* maohuzi.png in Resources */ = {isa = PBXBuildFile; fileRef = 4BA484651F8D15F800E3600B /* maohuzi.png */; };
		4BA4846E1F8D15F900E3600B /* mini.png in Resources */ = {isa = PBXBuildFile; fileRef = 4BA484661F8D15F800E3600B /* mini.png */; };
		4BA4846F1F8D15F900E3600B /* bear.jpg in Resources */ = {isa = PBXBuildFile; fileRef = 4BA484671F8D15F800E3600B /* bear.jpg */; };
		4BA484701F8D15F900E3600B /* test.png in Resources */ = {isa = PBXBuildFile; fileRef = 4BA484681F8D15F900E3600B /* test.png */; };
		4BA484711F8D15F900E3600B /* dog.jpg in Resources */ = {isa = PBXBuildFile; fileRef = 4BA484691F8D15F900E3600B /* dog.jpg */; };
		4BA484721F8D15F900E3600B /* panda.jpg in Resources */ = {isa = PBXBuildFile; fileRef = 4BA4846A1F8D15F900E3600B /* panda.jpg */; };
		4BA484731F8D15F900E3600B /* dahuxu.png in Resources */ = {isa = PBXBuildFile; fileRef = 4BA4846B1F8D15F900E3600B /* dahuxu.png */; };
		4BA7CD631F7B9CAF002DFB8A /* test1.jpg in Resources */ = {isa = PBXBuildFile; fileRef = 4BA7CD621F7B9CAF002DFB8A /* test1.jpg */; };
		4BA7CD661F7B9FE2002DFB8A /* Chapter3.storyboard in Resources */ = {isa = PBXBuildFile; fileRef = 4BA7CD651F7B9FE2002DFB8A /* Chapter3.storyboard */; };
		4BA7CD681F7B9FF9002DFB8A /* Chapter3Controller.swift in Sources */ = {isa = PBXBuildFile; fileRef = 4BA7CD671F7B9FF9002DFB8A /* Chapter3Controller.swift */; };
		4BA7CD731F7BAB1A002DFB8A /* test1.dae in Resources */ = {isa = PBXBuildFile; fileRef = 4BA7CD721F7BAB1A002DFB8A /* test1.dae */; };
		4BA7CD771F7BE892002DFB8A /* Chapter4.storyboard in Resources */ = {isa = PBXBuildFile; fileRef = 4BA7CD751F7BE891002DFB8A /* Chapter4.storyboard */; };
		4BA7CD781F7BE892002DFB8A /* Chapter4Controller.swift in Sources */ = {isa = PBXBuildFile; fileRef = 4BA7CD761F7BE891002DFB8A /* Chapter4Controller.swift */; };
		4BA7CD7C1F7BE8AE002DFB8A /* Chapter5.storyboard in Resources */ = {isa = PBXBuildFile; fileRef = 4BA7CD7A1F7BE8AD002DFB8A /* Chapter5.storyboard */; };
		4BA7CD7D1F7BE8AE002DFB8A /* Chapter5Controller.swift in Sources */ = {isa = PBXBuildFile; fileRef = 4BA7CD7B1F7BE8AD002DFB8A /* Chapter5Controller.swift */; };
		4BA7CD811F7BE8B7002DFB8A /* Chapter6.storyboard in Resources */ = {isa = PBXBuildFile; fileRef = 4BA7CD7F1F7BE8B6002DFB8A /* Chapter6.storyboard */; };
		4BA7CD821F7BE8B7002DFB8A /* Chapter6Controller.swift in Sources */ = {isa = PBXBuildFile; fileRef = 4BA7CD801F7BE8B6002DFB8A /* Chapter6Controller.swift */; };
		4BA7CD861F7BE8BE002DFB8A /* Chapter7.storyboard in Resources */ = {isa = PBXBuildFile; fileRef = 4BA7CD841F7BE8BE002DFB8A /* Chapter7.storyboard */; };
		4BA7CD871F7BE8BE002DFB8A /* Chapter7Controller.swift in Sources */ = {isa = PBXBuildFile; fileRef = 4BA7CD851F7BE8BE002DFB8A /* Chapter7Controller.swift */; };
		4BA7CD8B1F7BE8C5002DFB8A /* Chapter8.storyboard in Resources */ = {isa = PBXBuildFile; fileRef = 4BA7CD891F7BE8C5002DFB8A /* Chapter8.storyboard */; };
		4BA7CD8C1F7BE8C5002DFB8A /* Chapter8Controller.swift in Sources */ = {isa = PBXBuildFile; fileRef = 4BA7CD8A1F7BE8C5002DFB8A /* Chapter8Controller.swift */; };
		4BA7CD901F7BE8CE002DFB8A /* Chapter9.storyboard in Resources */ = {isa = PBXBuildFile; fileRef = 4BA7CD8E1F7BE8CD002DFB8A /* Chapter9.storyboard */; };
		4BA7CD911F7BE8CE002DFB8A /* Chapter9Controller.swift in Sources */ = {isa = PBXBuildFile; fileRef = 4BA7CD8F1F7BE8CD002DFB8A /* Chapter9Controller.swift */; };
		4BA7CD951F7BE8D5002DFB8A /* Chapter10.storyboard in Resources */ = {isa = PBXBuildFile; fileRef = 4BA7CD931F7BE8D5002DFB8A /* Chapter10.storyboard */; };
		4BA7CD961F7BE8D5002DFB8A /* Chapter10Controller.swift in Sources */ = {isa = PBXBuildFile; fileRef = 4BA7CD941F7BE8D5002DFB8A /* Chapter10Controller.swift */; };
		4BA7CD9A1F7BE8DC002DFB8A /* Chapter11.storyboard in Resources */ = {isa = PBXBuildFile; fileRef = 4BA7CD981F7BE8DC002DFB8A /* Chapter11.storyboard */; };
		4BA7CD9B1F7BE8DC002DFB8A /* Chapter11Controller.swift in Sources */ = {isa = PBXBuildFile; fileRef = 4BA7CD991F7BE8DC002DFB8A /* Chapter11Controller.swift */; };
		4BA7CD9F1F7BE8E2002DFB8A /* Chapter12.storyboard in Resources */ = {isa = PBXBuildFile; fileRef = 4BA7CD9D1F7BE8E2002DFB8A /* Chapter12.storyboard */; };
		4BA7CDA01F7BE8E2002DFB8A /* Chapter12Controller.swift in Sources */ = {isa = PBXBuildFile; fileRef = 4BA7CD9E1F7BE8E2002DFB8A /* Chapter12Controller.swift */; };
		62F7B37883E7D9C40E93881F /* Pods_MySceneKit.framework in Frameworks */ = {isa = PBXBuildFile; fileRef = 012F4F2CC0F11C10B24A119F /* Pods_MySceneKit.framework */; };
/* End PBXBuildFile section */

/* Begin PBXFileReference section */
		012F4F2CC0F11C10B24A119F /* Pods_MySceneKit.framework */ = {isa = PBXFileReference; explicitFileType = wrapper.framework; includeInIndex = 0; path = Pods_MySceneKit.framework; sourceTree = BUILT_PRODUCTS_DIR; };
		4B0D4F151F7CCCB000DA40BD /* test2.jpg */ = {isa = PBXFileReference; lastKnownFileType = image.jpeg; path = test2.jpg; sourceTree = "<group>"; };
		4B0D4F171F7CE44300DA40BD /* test3.jpg */ = {isa = PBXFileReference; lastKnownFileType = image.jpeg; path = test3.jpg; sourceTree = "<group>"; };
		4B311A6A1F7B676800E472A4 /* MySceneKit.app */ = {isa = PBXFileReference; explicitFileType = wrapper.application; includeInIndex = 0; path = MySceneKit.app; sourceTree = BUILT_PRODUCTS_DIR; };
		4B311A6D1F7B676800E472A4 /* AppDelegate.swift */ = {isa = PBXFileReference; lastKnownFileType = sourcecode.swift; path = AppDelegate.swift; sourceTree = "<group>"; };
		4B311A771F7B676800E472A4 /* Base */ = {isa = PBXFileReference; lastKnownFileType = file.storyboard; name = Base; path = Base.lproj/LaunchScreen.storyboard; sourceTree = "<group>"; };
		4B311A811F7B68B400E472A4 /* Assets.xcassets */ = {isa = PBXFileReference; lastKnownFileType = folder.assetcatalog; path = Assets.xcassets; sourceTree = "<group>"; };
		4B311A821F7B68B400E472A4 /* Info.plist */ = {isa = PBXFileReference; fileEncoding = 4; lastKnownFileType = text.plist.xml; path = Info.plist; sourceTree = "<group>"; };
		4B311A891F7B694000E472A4 /* Main.storyboard */ = {isa = PBXFileReference; lastKnownFileType = file.storyboard; path = Main.storyboard; sourceTree = "<group>"; };
		4B311A8B1F7B695100E472A4 /* MainController.swift */ = {isa = PBXFileReference; lastKnownFileType = sourcecode.swift; path = MainController.swift; sourceTree = "<group>"; };
		4B311A8D1F7B6A0200E472A4 /* MainCell.swift */ = {isa = PBXFileReference; lastKnownFileType = sourcecode.swift; path = MainCell.swift; sourceTree = "<group>"; };
		4B311A8F1F7B6AD400E472A4 /* MainExtension.swift */ = {isa = PBXFileReference; lastKnownFileType = sourcecode.swift; path = MainExtension.swift; sourceTree = "<group>"; };
		4B311A911F7B6B4900E472A4 /* MainViewModel.swift */ = {isa = PBXFileReference; lastKnownFileType = sourcecode.swift; path = MainViewModel.swift; sourceTree = "<group>"; };
		4B311A931F7B6DCE00E472A4 /* ChapterInfo.swift */ = {isa = PBXFileReference; lastKnownFileType = sourcecode.swift; path = ChapterInfo.swift; sourceTree = "<group>"; };
		4B311A951F7B6EB900E472A4 /* Chapter1.storyboard */ = {isa = PBXFileReference; lastKnownFileType = file.storyboard; path = Chapter1.storyboard; sourceTree = "<group>"; };
		4B311A971F7B6ECC00E472A4 /* Chapter1Controller.swift */ = {isa = PBXFileReference; lastKnownFileType = sourcecode.swift; path = Chapter1Controller.swift; sourceTree = "<group>"; };
		4B311A9A1F7B747200E472A4 /* Chapter2.storyboard */ = {isa = PBXFileReference; lastKnownFileType = file.storyboard; path = Chapter2.storyboard; sourceTree = "<group>"; };
		4B311A9C1F7B748100E472A4 /* Chapter2Controller.swift */ = {isa = PBXFileReference; lastKnownFileType = sourcecode.swift; path = Chapter2Controller.swift; sourceTree = "<group>"; };
		4BA4843F1F8A5C0400E3600B /* AiyaCameraSDK.bundle */ = {isa = PBXFileReference; lastKnownFileType = "wrapper.plug-in"; path = AiyaCameraSDK.bundle; sourceTree = "<group>"; };
		4BA484401F8A5C0400E3600B /* AiyaCameraSDK.framework */ = {isa = PBXFileReference; lastKnownFileType = wrapper.framework; path = AiyaCameraSDK.framework; sourceTree = "<group>"; };
		4BA484431F8A5D6F00E3600B /* MySceneKit-Bridging-Header.h */ = {isa = PBXFileReference; lastKnownFileType = sourcecode.c.h; path = "MySceneKit-Bridging-Header.h"; sourceTree = "<group>"; };
		4BA484481F8A5EEB00E3600B /* libz.tbd */ = {isa = PBXFileReference; lastKnownFileType = "sourcecode.text-based-dylib-definition"; name = libz.tbd; path = usr/lib/libz.tbd; sourceTree = SDKROOT; };
		4BA4844A1F8A5EF100E3600B /* libc++.tbd */ = {isa = PBXFileReference; lastKnownFileType = "sourcecode.text-based-dylib-definition"; name = "libc++.tbd"; path = "usr/lib/libc++.tbd"; sourceTree = SDKROOT; };
		4BA4844C1F8A5EF600E3600B /* libiconv.tbd */ = {isa = PBXFileReference; lastKnownFileType = "sourcecode.text-based-dylib-definition"; name = libiconv.tbd; path = usr/lib/libiconv.tbd; sourceTree = SDKROOT; };
		4BA484541F8C5FB500E3600B /* AiyaDrawTrackPointFilter.m */ = {isa = PBXFileReference; fileEncoding = 4; lastKnownFileType = sourcecode.c.objc; path = AiyaDrawTrackPointFilter.m; sourceTree = "<group>"; };
		4BA484551F8C5FB500E3600B /* AiyaDrawTrackPointFilter.h */ = {isa = PBXFileReference; fileEncoding = 4; lastKnownFileType = sourcecode.c.h; path = AiyaDrawTrackPointFilter.h; sourceTree = "<group>"; };
		4BA484561F8C5FB500E3600B /* AiyaGLDrawPoint.m */ = {isa = PBXFileReference; fileEncoding = 4; lastKnownFileType = sourcecode.c.objc; path = AiyaGLDrawPoint.m; sourceTree = "<group>"; };
		4BA484571F8C5FB500E3600B /* AiyaTrackInput.h */ = {isa = PBXFileReference; fileEncoding = 4; lastKnownFileType = sourcecode.c.h; path = AiyaTrackInput.h; sourceTree = "<group>"; };
		4BA484581F8C5FB500E3600B /* AiyaGLDrawPoint.h */ = {isa = PBXFileReference; fileEncoding = 4; lastKnownFileType = sourcecode.c.h; path = AiyaGLDrawPoint.h; sourceTree = "<group>"; };
		4BA484591F8C5FB600E3600B /* AiyaTrackInput.m */ = {isa = PBXFileReference; fileEncoding = 4; lastKnownFileType = sourcecode.c.objc; path = AiyaTrackInput.m; sourceTree = "<group>"; };
		4BA4845A1F8C5FB600E3600B /* AiyaTrackEffect.h */ = {isa = PBXFileReference; fileEncoding = 4; lastKnownFileType = sourcecode.c.h; path = AiyaTrackEffect.h; sourceTree = "<group>"; };
		4BA4845B1F8C5FB600E3600B /* AiyaTrackEffect.m */ = {isa = PBXFileReference; fileEncoding = 4; lastKnownFileType = sourcecode.c.objc; path = AiyaTrackEffect.m; sourceTree = "<group>"; };
		4BA484641F8D15F800E3600B /* huxu.png */ = {isa = PBXFileReference; lastKnownFileType = image.png; path = huxu.png; sourceTree = "<group>"; };
		4BA484651F8D15F800E3600B /* maohuzi.png */ = {isa = PBXFileReference; lastKnownFileType = image.png; path = maohuzi.png; sourceTree = "<group>"; };
		4BA484661F8D15F800E3600B /* mini.png */ = {isa = PBXFileReference; lastKnownFileType = image.png; path = mini.png; sourceTree = "<group>"; };
		4BA484671F8D15F800E3600B /* bear.jpg */ = {isa = PBXFileReference; lastKnownFileType = image.jpeg; path = bear.jpg; sourceTree = "<group>"; };
		4BA484681F8D15F900E3600B /* test.png */ = {isa = PBXFileReference; lastKnownFileType = image.png; path = test.png; sourceTree = "<group>"; };
		4BA484691F8D15F900E3600B /* dog.jpg */ = {isa = PBXFileReference; lastKnownFileType = image.jpeg; path = dog.jpg; sourceTree = "<group>"; };
		4BA4846A1F8D15F900E3600B /* panda.jpg */ = {isa = PBXFileReference; lastKnownFileType = image.jpeg; path = panda.jpg; sourceTree = "<group>"; };
		4BA4846B1F8D15F900E3600B /* dahuxu.png */ = {isa = PBXFileReference; lastKnownFileType = image.png; path = dahuxu.png; sourceTree = "<group>"; };
		4BA7CD621F7B9CAF002DFB8A /* test1.jpg */ = {isa = PBXFileReference; lastKnownFileType = image.jpeg; path = test1.jpg; sourceTree = "<group>"; };
		4BA7CD651F7B9FE2002DFB8A /* Chapter3.storyboard */ = {isa = PBXFileReference; lastKnownFileType = file.storyboard; path = Chapter3.storyboard; sourceTree = "<group>"; };
		4BA7CD671F7B9FF9002DFB8A /* Chapter3Controller.swift */ = {isa = PBXFileReference; lastKnownFileType = sourcecode.swift; path = Chapter3Controller.swift; sourceTree = "<group>"; };
		4BA7CD721F7BAB1A002DFB8A /* test1.dae */ = {isa = PBXFileReference; fileEncoding = 4; lastKnownFileType = text.xml.dae; path = test1.dae; sourceTree = "<group>"; };
		4BA7CD751F7BE891002DFB8A /* Chapter4.storyboard */ = {isa = PBXFileReference; fileEncoding = 4; lastKnownFileType = file.storyboard; path = Chapter4.storyboard; sourceTree = "<group>"; };
		4BA7CD761F7BE891002DFB8A /* Chapter4Controller.swift */ = {isa = PBXFileReference; fileEncoding = 4; lastKnownFileType = sourcecode.swift; path = Chapter4Controller.swift; sourceTree = "<group>"; };
		4BA7CD7A1F7BE8AD002DFB8A /* Chapter5.storyboard */ = {isa = PBXFileReference; fileEncoding = 4; lastKnownFileType = file.storyboard; path = Chapter5.storyboard; sourceTree = "<group>"; };
		4BA7CD7B1F7BE8AD002DFB8A /* Chapter5Controller.swift */ = {isa = PBXFileReference; fileEncoding = 4; lastKnownFileType = sourcecode.swift; path = Chapter5Controller.swift; sourceTree = "<group>"; };
		4BA7CD7F1F7BE8B6002DFB8A /* Chapter6.storyboard */ = {isa = PBXFileReference; fileEncoding = 4; lastKnownFileType = file.storyboard; path = Chapter6.storyboard; sourceTree = "<group>"; };
		4BA7CD801F7BE8B6002DFB8A /* Chapter6Controller.swift */ = {isa = PBXFileReference; fileEncoding = 4; lastKnownFileType = sourcecode.swift; path = Chapter6Controller.swift; sourceTree = "<group>"; };
		4BA7CD841F7BE8BE002DFB8A /* Chapter7.storyboard */ = {isa = PBXFileReference; fileEncoding = 4; lastKnownFileType = file.storyboard; path = Chapter7.storyboard; sourceTree = "<group>"; };
		4BA7CD851F7BE8BE002DFB8A /* Chapter7Controller.swift */ = {isa = PBXFileReference; fileEncoding = 4; lastKnownFileType = sourcecode.swift; path = Chapter7Controller.swift; sourceTree = "<group>"; };
		4BA7CD891F7BE8C5002DFB8A /* Chapter8.storyboard */ = {isa = PBXFileReference; fileEncoding = 4; lastKnownFileType = file.storyboard; path = Chapter8.storyboard; sourceTree = "<group>"; };
		4BA7CD8A1F7BE8C5002DFB8A /* Chapter8Controller.swift */ = {isa = PBXFileReference; fileEncoding = 4; lastKnownFileType = sourcecode.swift; path = Chapter8Controller.swift; sourceTree = "<group>"; };
		4BA7CD8E1F7BE8CD002DFB8A /* Chapter9.storyboard */ = {isa = PBXFileReference; fileEncoding = 4; lastKnownFileType = file.storyboard; path = Chapter9.storyboard; sourceTree = "<group>"; };
		4BA7CD8F1F7BE8CD002DFB8A /* Chapter9Controller.swift */ = {isa = PBXFileReference; fileEncoding = 4; lastKnownFileType = sourcecode.swift; path = Chapter9Controller.swift; sourceTree = "<group>"; };
		4BA7CD931F7BE8D5002DFB8A /* Chapter10.storyboard */ = {isa = PBXFileReference; fileEncoding = 4; lastKnownFileType = file.storyboard; path = Chapter10.storyboard; sourceTree = "<group>"; };
		4BA7CD941F7BE8D5002DFB8A /* Chapter10Controller.swift */ = {isa = PBXFileReference; fileEncoding = 4; lastKnownFileType = sourcecode.swift; path = Chapter10Controller.swift; sourceTree = "<group>"; };
		4BA7CD981F7BE8DC002DFB8A /* Chapter11.storyboard */ = {isa = PBXFileReference; fileEncoding = 4; lastKnownFileType = file.storyboard; path = Chapter11.storyboard; sourceTree = "<group>"; };
		4BA7CD991F7BE8DC002DFB8A /* Chapter11Controller.swift */ = {isa = PBXFileReference; fileEncoding = 4; lastKnownFileType = sourcecode.swift; path = Chapter11Controller.swift; sourceTree = "<group>"; };
		4BA7CD9D1F7BE8E2002DFB8A /* Chapter12.storyboard */ = {isa = PBXFileReference; fileEncoding = 4; lastKnownFileType = file.storyboard; path = Chapter12.storyboard; sourceTree = "<group>"; };
		4BA7CD9E1F7BE8E2002DFB8A /* Chapter12Controller.swift */ = {isa = PBXFileReference; fileEncoding = 4; lastKnownFileType = sourcecode.swift; path = Chapter12Controller.swift; sourceTree = "<group>"; };
		80B810861020EC52C9250974 /* Pods-MySceneKit.debug.xcconfig */ = {isa = PBXFileReference; includeInIndex = 1; lastKnownFileType = text.xcconfig; name = "Pods-MySceneKit.debug.xcconfig"; path = "Pods/Target Support Files/Pods-MySceneKit/Pods-MySceneKit.debug.xcconfig"; sourceTree = "<group>"; };
		AB299583F321BEC566F448EA /* Pods-MySceneKit.release.xcconfig */ = {isa = PBXFileReference; includeInIndex = 1; lastKnownFileType = text.xcconfig; name = "Pods-MySceneKit.release.xcconfig"; path = "Pods/Target Support Files/Pods-MySceneKit/Pods-MySceneKit.release.xcconfig"; sourceTree = "<group>"; };
/* End PBXFileReference section */

/* Begin PBXFrameworksBuildPhase section */
		4B311A671F7B676800E472A4 /* Frameworks */ = {
			isa = PBXFrameworksBuildPhase;
			buildActionMask = 2147483647;
			files = (
				4BA4844D1F8A5EF700E3600B /* libiconv.tbd in Frameworks */,
				4BA4844B1F8A5EF100E3600B /* libc++.tbd in Frameworks */,
				4BA484491F8A5EEB00E3600B /* libz.tbd in Frameworks */,
				4BA484421F8A5C0400E3600B /* AiyaCameraSDK.framework in Frameworks */,
				62F7B37883E7D9C40E93881F /* Pods_MySceneKit.framework in Frameworks */,
			);
			runOnlyForDeploymentPostprocessing = 0;
		};
/* End PBXFrameworksBuildPhase section */

/* Begin PBXGroup section */
		4B311A611F7B676800E472A4 = {
			isa = PBXGroup;
			children = (
				4B311A6C1F7B676800E472A4 /* MySceneKit */,
				4B311A6B1F7B676800E472A4 /* Products */,
				4BA484471F8A5EEB00E3600B /* Frameworks */,
				EDB55F11090C3CB87C0B241E /* Pods */,
			);
			sourceTree = "<group>";
		};
		4B311A6B1F7B676800E472A4 /* Products */ = {
			isa = PBXGroup;
			children = (
				4B311A6A1F7B676800E472A4 /* MySceneKit.app */,
			);
			name = Products;
			sourceTree = "<group>";
		};
		4B311A6C1F7B676800E472A4 /* MySceneKit */ = {
			isa = PBXGroup;
			children = (
				4BA484431F8A5D6F00E3600B /* MySceneKit-Bridging-Header.h */,
				4B311A801F7B68B400E472A4 /* assets */,
				4B311A6D1F7B676800E472A4 /* AppDelegate.swift */,
				4B311A881F7B693300E472A4 /* main */,
				4B311A871F7B691500E472A4 /* chapter1 */,
				4B311A991F7B746200E472A4 /* chapter2 */,
				4BA7CD641F7B9FD8002DFB8A /* chapter3 */,
				4BA7CD741F7BE7CE002DFB8A /* chapter4 */,
				4BA7CD791F7BE8AD002DFB8A /* chapter5 */,
				4BA7CD7E1F7BE8B6002DFB8A /* chapter6 */,
				4BA7CD831F7BE8BE002DFB8A /* chapter7 */,
				4BA7CD881F7BE8C5002DFB8A /* chapter8 */,
				4BA7CD8D1F7BE8CD002DFB8A /* chapter9 */,
				4BA7CD921F7BE8D5002DFB8A /* chapter10 */,
				4BA7CD971F7BE8DC002DFB8A /* chapter11 */,
				4BA7CD9C1F7BE8E2002DFB8A /* chapter12 */,
			);
			path = MySceneKit;
			sourceTree = "<group>";
		};
		4B311A801F7B68B400E472A4 /* assets */ = {
			isa = PBXGroup;
			children = (
				4BA4843E1F8A5C0400E3600B /* Aiya */,
				4BA7CD691F7BA683002DFB8A /* models */,
				4BA7CD611F7B93C0002DFB8A /* images */,
				4B311A811F7B68B400E472A4 /* Assets.xcassets */,
				4B311A821F7B68B400E472A4 /* Info.plist */,
				4B311A761F7B676800E472A4 /* LaunchScreen.storyboard */,
			);
			path = assets;
			sourceTree = "<group>";
		};
		4B311A871F7B691500E472A4 /* chapter1 */ = {
			isa = PBXGroup;
			children = (
				4B311A951F7B6EB900E472A4 /* Chapter1.storyboard */,
				4B311A971F7B6ECC00E472A4 /* Chapter1Controller.swift */,
			);
			path = chapter1;
			sourceTree = "<group>";
		};
		4B311A881F7B693300E472A4 /* main */ = {
			isa = PBXGroup;
			children = (
				4B311A891F7B694000E472A4 /* Main.storyboard */,
				4B311A8B1F7B695100E472A4 /* MainController.swift */,
				4B311A8F1F7B6AD400E472A4 /* MainExtension.swift */,
				4B311A8D1F7B6A0200E472A4 /* MainCell.swift */,
				4B311A911F7B6B4900E472A4 /* MainViewModel.swift */,
				4B311A931F7B6DCE00E472A4 /* ChapterInfo.swift */,
			);
			path = main;
			sourceTree = "<group>";
		};
		4B311A991F7B746200E472A4 /* chapter2 */ = {
			isa = PBXGroup;
			children = (
				4B311A9A1F7B747200E472A4 /* Chapter2.storyboard */,
				4B311A9C1F7B748100E472A4 /* Chapter2Controller.swift */,
			);
			path = chapter2;
			sourceTree = "<group>";
		};
		4BA4843E1F8A5C0400E3600B /* Aiya */ = {
			isa = PBXGroup;
			children = (
				4BA4843F1F8A5C0400E3600B /* AiyaCameraSDK.bundle */,
				4BA484401F8A5C0400E3600B /* AiyaCameraSDK.framework */,
			);
			name = Aiya;
			path = libs/Aiya;
			sourceTree = SOURCE_ROOT;
		};
		4BA484471F8A5EEB00E3600B /* Frameworks */ = {
			isa = PBXGroup;
			children = (
				4BA4844C1F8A5EF600E3600B /* libiconv.tbd */,
				4BA4844A1F8A5EF100E3600B /* libc++.tbd */,
				4BA484481F8A5EEB00E3600B /* libz.tbd */,
				012F4F2CC0F11C10B24A119F /* Pods_MySceneKit.framework */,
			);
			name = Frameworks;
			sourceTree = "<group>";
		};
		4BA484501F8A60ED00E3600B /* FaceDetector */ = {
			isa = PBXGroup;
			children = (
				4BA484551F8C5FB500E3600B /* AiyaDrawTrackPointFilter.h */,
				4BA484541F8C5FB500E3600B /* AiyaDrawTrackPointFilter.m */,
				4BA484581F8C5FB500E3600B /* AiyaGLDrawPoint.h */,
				4BA484561F8C5FB500E3600B /* AiyaGLDrawPoint.m */,
				4BA4845A1F8C5FB600E3600B /* AiyaTrackEffect.h */,
				4BA4845B1F8C5FB600E3600B /* AiyaTrackEffect.m */,
				4BA484571F8C5FB500E3600B /* AiyaTrackInput.h */,
				4BA484591F8C5FB600E3600B /* AiyaTrackInput.m */,
			);
			path = FaceDetector;
			sourceTree = "<group>";
		};
		4BA7CD611F7B93C0002DFB8A /* images */ = {
			isa = PBXGroup;
			children = (
				4BA484671F8D15F800E3600B /* bear.jpg */,
				4BA4846B1F8D15F900E3600B /* dahuxu.png */,
				4BA484691F8D15F900E3600B /* dog.jpg */,
				4BA484641F8D15F800E3600B /* huxu.png */,
				4BA484651F8D15F800E3600B /* maohuzi.png */,
				4BA484661F8D15F800E3600B /* mini.png */,
				4BA4846A1F8D15F900E3600B /* panda.jpg */,
				4BA484681F8D15F900E3600B /* test.png */,
				4B0D4F171F7CE44300DA40BD /* test3.jpg */,
				4B0D4F151F7CCCB000DA40BD /* test2.jpg */,
				4BA7CD621F7B9CAF002DFB8A /* test1.jpg */,
			);
			path = images;
			sourceTree = "<group>";
		};
		4BA7CD641F7B9FD8002DFB8A /* chapter3 */ = {
			isa = PBXGroup;
			children = (
				4BA7CD651F7B9FE2002DFB8A /* Chapter3.storyboard */,
				4BA7CD671F7B9FF9002DFB8A /* Chapter3Controller.swift */,
			);
			path = chapter3;
			sourceTree = "<group>";
		};
		4BA7CD691F7BA683002DFB8A /* models */ = {
			isa = PBXGroup;
			children = (
				4BA7CD721F7BAB1A002DFB8A /* test1.dae */,
			);
			path = models;
			sourceTree = "<group>";
		};
		4BA7CD741F7BE7CE002DFB8A /* chapter4 */ = {
			isa = PBXGroup;
			children = (
				4BA7CD751F7BE891002DFB8A /* Chapter4.storyboard */,
				4BA7CD761F7BE891002DFB8A /* Chapter4Controller.swift */,
			);
			path = chapter4;
			sourceTree = "<group>";
		};
		4BA7CD791F7BE8AD002DFB8A /* chapter5 */ = {
			isa = PBXGroup;
			children = (
				4BA7CD7A1F7BE8AD002DFB8A /* Chapter5.storyboard */,
				4BA7CD7B1F7BE8AD002DFB8A /* Chapter5Controller.swift */,
			);
			path = chapter5;
			sourceTree = "<group>";
		};
		4BA7CD7E1F7BE8B6002DFB8A /* chapter6 */ = {
			isa = PBXGroup;
			children = (
				4BA7CD7F1F7BE8B6002DFB8A /* Chapter6.storyboard */,
				4BA7CD801F7BE8B6002DFB8A /* Chapter6Controller.swift */,
			);
			path = chapter6;
			sourceTree = "<group>";
		};
		4BA7CD831F7BE8BE002DFB8A /* chapter7 */ = {
			isa = PBXGroup;
			children = (
				4BA7CD841F7BE8BE002DFB8A /* Chapter7.storyboard */,
				4BA7CD851F7BE8BE002DFB8A /* Chapter7Controller.swift */,
			);
			path = chapter7;
			sourceTree = "<group>";
		};
		4BA7CD881F7BE8C5002DFB8A /* chapter8 */ = {
			isa = PBXGroup;
			children = (
				4BA7CD891F7BE8C5002DFB8A /* Chapter8.storyboard */,
				4BA7CD8A1F7BE8C5002DFB8A /* Chapter8Controller.swift */,
			);
			path = chapter8;
			sourceTree = "<group>";
		};
		4BA7CD8D1F7BE8CD002DFB8A /* chapter9 */ = {
			isa = PBXGroup;
			children = (
				4BA7CD8E1F7BE8CD002DFB8A /* Chapter9.storyboard */,
				4BA7CD8F1F7BE8CD002DFB8A /* Chapter9Controller.swift */,
			);
			path = chapter9;
			sourceTree = "<group>";
		};
		4BA7CD921F7BE8D5002DFB8A /* chapter10 */ = {
			isa = PBXGroup;
			children = (
				4BA7CD931F7BE8D5002DFB8A /* Chapter10.storyboard */,
				4BA7CD941F7BE8D5002DFB8A /* Chapter10Controller.swift */,
			);
			path = chapter10;
			sourceTree = "<group>";
		};
		4BA7CD971F7BE8DC002DFB8A /* chapter11 */ = {
			isa = PBXGroup;
			children = (
				4BA484501F8A60ED00E3600B /* FaceDetector */,
				4BA7CD981F7BE8DC002DFB8A /* Chapter11.storyboard */,
				4BA7CD991F7BE8DC002DFB8A /* Chapter11Controller.swift */,
			);
			path = chapter11;
			sourceTree = "<group>";
		};
		4BA7CD9C1F7BE8E2002DFB8A /* chapter12 */ = {
			isa = PBXGroup;
			children = (
				4BA7CD9D1F7BE8E2002DFB8A /* Chapter12.storyboard */,
				4BA7CD9E1F7BE8E2002DFB8A /* Chapter12Controller.swift */,
			);
			path = chapter12;
			sourceTree = "<group>";
		};
		EDB55F11090C3CB87C0B241E /* Pods */ = {
			isa = PBXGroup;
			children = (
				80B810861020EC52C9250974 /* Pods-MySceneKit.debug.xcconfig */,
				AB299583F321BEC566F448EA /* Pods-MySceneKit.release.xcconfig */,
			);
			name = Pods;
			sourceTree = "<group>";
		};
/* End PBXGroup section */

/* Begin PBXNativeTarget section */
		4B311A691F7B676800E472A4 /* MySceneKit */ = {
			isa = PBXNativeTarget;
			buildConfigurationList = 4B311A7C1F7B676800E472A4 /* Build configuration list for PBXNativeTarget "MySceneKit" */;
			buildPhases = (
				7E6E8395C682A6DA173AC40F /* [CP] Check Pods Manifest.lock */,
				4B311A661F7B676800E472A4 /* Sources */,
				4B311A671F7B676800E472A4 /* Frameworks */,
				4B311A681F7B676800E472A4 /* Resources */,
				AA280185E8E12E9A1E865884 /* [CP] Embed Pods Frameworks */,
				FE331F23662274667F9B460A /* [CP] Copy Pods Resources */,
			);
			buildRules = (
			);
			dependencies = (
			);
			name = MySceneKit;
			productName = MySceneKit;
			productReference = 4B311A6A1F7B676800E472A4 /* MySceneKit.app */;
			productType = "com.apple.product-type.application";
		};
/* End PBXNativeTarget section */

/* Begin PBXProject section */
		4B311A621F7B676800E472A4 /* Project object */ = {
			isa = PBXProject;
			attributes = {
				LastSwiftUpdateCheck = 0900;
				LastUpgradeCheck = 0900;
				ORGANIZATIONNAME = "RN-079";
				TargetAttributes = {
					4B311A691F7B676800E472A4 = {
						CreatedOnToolsVersion = 9.0;
						LastSwiftMigration = 0900;
						ProvisioningStyle = Automatic;
					};
				};
			};
			buildConfigurationList = 4B311A651F7B676800E472A4 /* Build configuration list for PBXProject "MySceneKit" */;
			compatibilityVersion = "Xcode 8.0";
			developmentRegion = en;
			hasScannedForEncodings = 0;
			knownRegions = (
				en,
				Base,
			);
			mainGroup = 4B311A611F7B676800E472A4;
			productRefGroup = 4B311A6B1F7B676800E472A4 /* Products */;
			projectDirPath = "";
			projectRoot = "";
			targets = (
				4B311A691F7B676800E472A4 /* MySceneKit */,
			);
		};
/* End PBXProject section */

/* Begin PBXResourcesBuildPhase section */
		4B311A681F7B676800E472A4 /* Resources */ = {
			isa = PBXResourcesBuildPhase;
			buildActionMask = 2147483647;
			files = (
				4BA484721F8D15F900E3600B /* panda.jpg in Resources */,
				4B311A851F7B68B400E472A4 /* Info.plist in Resources */,
				4B311A781F7B676800E472A4 /* LaunchScreen.storyboard in Resources */,
				4BA7CD861F7BE8BE002DFB8A /* Chapter7.storyboard in Resources */,
				4BA4846D1F8D15F900E3600B /* maohuzi.png in Resources */,
				4B0D4F161F7CCCB000DA40BD /* test2.jpg in Resources */,
				4BA484701F8D15F900E3600B /* test.png in Resources */,
				4BA7CD951F7BE8D5002DFB8A /* Chapter10.storyboard in Resources */,
				4BA4846C1F8D15F900E3600B /* huxu.png in Resources */,
				4BA7CD8B1F7BE8C5002DFB8A /* Chapter8.storyboard in Resources */,
				4BA4846E1F8D15F900E3600B /* mini.png in Resources */,
				4B311A841F7B68B400E472A4 /* Assets.xcassets in Resources */,
				4BA7CD7C1F7BE8AE002DFB8A /* Chapter5.storyboard in Resources */,
				4BA7CD9F1F7BE8E2002DFB8A /* Chapter12.storyboard in Resources */,
				4BA7CD731F7BAB1A002DFB8A /* test1.dae in Resources */,
				4B311A8A1F7B694000E472A4 /* Main.storyboard in Resources */,
				4BA7CD771F7BE892002DFB8A /* Chapter4.storyboard in Resources */,
				4BA7CD9A1F7BE8DC002DFB8A /* Chapter11.storyboard in Resources */,
				4BA4846F1F8D15F900E3600B /* bear.jpg in Resources */,
				4BA7CD811F7BE8B7002DFB8A /* Chapter6.storyboard in Resources */,
				4BA7CD901F7BE8CE002DFB8A /* Chapter9.storyboard in Resources */,
				4BA7CD661F7B9FE2002DFB8A /* Chapter3.storyboard in Resources */,
				4BA484731F8D15F900E3600B /* dahuxu.png in Resources */,
				4B311A961F7B6EB900E472A4 /* Chapter1.storyboard in Resources */,
				4BA7CD631F7B9CAF002DFB8A /* test1.jpg in Resources */,
				4B311A9B1F7B747200E472A4 /* Chapter2.storyboard in Resources */,
				4BA484711F8D15F900E3600B /* dog.jpg in Resources */,
				4B0D4F181F7CE44400DA40BD /* test3.jpg in Resources */,
				4BA484411F8A5C0400E3600B /* AiyaCameraSDK.bundle in Resources */,
			);
			runOnlyForDeploymentPostprocessing = 0;
		};
/* End PBXResourcesBuildPhase section */

/* Begin PBXShellScriptBuildPhase section */
		7E6E8395C682A6DA173AC40F /* [CP] Check Pods Manifest.lock */ = {
			isa = PBXShellScriptBuildPhase;
			buildActionMask = 2147483647;
			files = (
			);
			inputPaths = (
				"${PODS_PODFILE_DIR_PATH}/Podfile.lock",
				"${PODS_ROOT}/Manifest.lock",
			);
			name = "[CP] Check Pods Manifest.lock";
			outputPaths = (
				"$(DERIVED_FILE_DIR)/Pods-MySceneKit-checkManifestLockResult.txt",
			);
			runOnlyForDeploymentPostprocessing = 0;
			shellPath = /bin/sh;
			shellScript = "diff \"${PODS_PODFILE_DIR_PATH}/Podfile.lock\" \"${PODS_ROOT}/Manifest.lock\" > /dev/null\nif [ $? != 0 ] ; then\n    # print error to STDERR\n    echo \"error: The sandbox is not in sync with the Podfile.lock. Run 'pod install' or update your CocoaPods installation.\" >&2\n    exit 1\nfi\n# This output is used by Xcode 'outputs' to avoid re-running this script phase.\necho \"SUCCESS\" > \"${SCRIPT_OUTPUT_FILE_0}\"\n";
			showEnvVarsInLog = 0;
		};
		AA280185E8E12E9A1E865884 /* [CP] Embed Pods Frameworks */ = {
			isa = PBXShellScriptBuildPhase;
			buildActionMask = 2147483647;
			files = (
			);
			inputPaths = (
				"${SRCROOT}/Pods/Target Support Files/Pods-MySceneKit/Pods-MySceneKit-frameworks.sh",
				"${BUILT_PRODUCTS_DIR}/GPUImage/GPUImage.framework",
				"${BUILT_PRODUCTS_DIR}/Masonry/Masonry.framework",
			);
			name = "[CP] Embed Pods Frameworks";
			outputPaths = (
				"${TARGET_BUILD_DIR}/${FRAMEWORKS_FOLDER_PATH}/GPUImage.framework",
				"${TARGET_BUILD_DIR}/${FRAMEWORKS_FOLDER_PATH}/Masonry.framework",
			);
			runOnlyForDeploymentPostprocessing = 0;
			shellPath = /bin/sh;
			shellScript = "\"${SRCROOT}/Pods/Target Support Files/Pods-MySceneKit/Pods-MySceneKit-frameworks.sh\"\n";
			showEnvVarsInLog = 0;
		};
		FE331F23662274667F9B460A /* [CP] Copy Pods Resources */ = {
			isa = PBXShellScriptBuildPhase;
			buildActionMask = 2147483647;
			files = (
			);
			inputPaths = (
				"${SRCROOT}/Pods/Target Support Files/Pods-MySceneKit/Pods-MySceneKit-resources.sh",
				"${PODS_ROOT}/GPUImage/framework/Resources/lookup.png",
				"${PODS_ROOT}/GPUImage/framework/Resources/lookup_amatorka.png",
				"${PODS_ROOT}/GPUImage/framework/Resources/lookup_miss_etikate.png",
				"${PODS_ROOT}/GPUImage/framework/Resources/lookup_soft_elegance_1.png",
				"${PODS_ROOT}/GPUImage/framework/Resources/lookup_soft_elegance_2.png",
			);
			name = "[CP] Copy Pods Resources";
			outputPaths = (
				"${TARGET_BUILD_DIR}/${UNLOCALIZED_RESOURCES_FOLDER_PATH}",
			);
			runOnlyForDeploymentPostprocessing = 0;
			shellPath = /bin/sh;
			shellScript = "\"${SRCROOT}/Pods/Target Support Files/Pods-MySceneKit/Pods-MySceneKit-resources.sh\"\n";
			showEnvVarsInLog = 0;
		};
/* End PBXShellScriptBuildPhase section */

/* Begin PBXSourcesBuildPhase section */
		4B311A661F7B676800E472A4 /* Sources */ = {
			isa = PBXSourcesBuildPhase;
			buildActionMask = 2147483647;
			files = (
				4BA7CD9B1F7BE8DC002DFB8A /* Chapter11Controller.swift in Sources */,
				4BA7CD961F7BE8D5002DFB8A /* Chapter10Controller.swift in Sources */,
				4BA7CD781F7BE892002DFB8A /* Chapter4Controller.swift in Sources */,
				4BA7CD871F7BE8BE002DFB8A /* Chapter7Controller.swift in Sources */,
				4BA7CDA01F7BE8E2002DFB8A /* Chapter12Controller.swift in Sources */,
				4BA7CD8C1F7BE8C5002DFB8A /* Chapter8Controller.swift in Sources */,
				4BA7CD911F7BE8CE002DFB8A /* Chapter9Controller.swift in Sources */,
				4B311A9D1F7B748100E472A4 /* Chapter2Controller.swift in Sources */,
				4B311A921F7B6B4900E472A4 /* MainViewModel.swift in Sources */,
				4B311A981F7B6ECC00E472A4 /* Chapter1Controller.swift in Sources */,
				4BA7CD821F7BE8B7002DFB8A /* Chapter6Controller.swift in Sources */,
				4B311A901F7B6AD400E472A4 /* MainExtension.swift in Sources */,
				4B311A8C1F7B695100E472A4 /* MainController.swift in Sources */,
				4B311A941F7B6DCE00E472A4 /* ChapterInfo.swift in Sources */,
				4BA4845F1F8C5FB600E3600B /* AiyaTrackEffect.m in Sources */,
				4BA7CD7D1F7BE8AE002DFB8A /* Chapter5Controller.swift in Sources */,
				4B311A6E1F7B676800E472A4 /* AppDelegate.swift in Sources */,
				4BA4845E1F8C5FB600E3600B /* AiyaTrackInput.m in Sources */,
				4B311A8E1F7B6A0200E472A4 /* MainCell.swift in Sources */,
				4BA7CD681F7B9FF9002DFB8A /* Chapter3Controller.swift in Sources */,
				4BA4845C1F8C5FB600E3600B /* AiyaDrawTrackPointFilter.m in Sources */,
				4BA4845D1F8C5FB600E3600B /* AiyaGLDrawPoint.m in Sources */,
			);
			runOnlyForDeploymentPostprocessing = 0;
		};
/* End PBXSourcesBuildPhase section */

/* Begin PBXVariantGroup section */
		4B311A761F7B676800E472A4 /* LaunchScreen.storyboard */ = {
			isa = PBXVariantGroup;
			children = (
				4B311A771F7B676800E472A4 /* Base */,
			);
			name = LaunchScreen.storyboard;
			sourceTree = "<group>";
		};
/* End PBXVariantGroup section */

/* Begin XCBuildConfiguration section */
		4B311A7A1F7B676800E472A4 /* Debug */ = {
			isa = XCBuildConfiguration;
			buildSettings = {
				ALWAYS_SEARCH_USER_PATHS = NO;
				CLANG_ANALYZER_NONNULL = YES;
				CLANG_ANALYZER_NUMBER_OBJECT_CONVERSION = YES_AGGRESSIVE;
				CLANG_CXX_LANGUAGE_STANDARD = "gnu++14";
				CLANG_CXX_LIBRARY = "libc++";
				CLANG_ENABLE_MODULES = YES;
				CLANG_ENABLE_OBJC_ARC = YES;
				CLANG_WARN_BLOCK_CAPTURE_AUTORELEASING = YES;
				CLANG_WARN_BOOL_CONVERSION = YES;
				CLANG_WARN_COMMA = YES;
				CLANG_WARN_CONSTANT_CONVERSION = YES;
				CLANG_WARN_DIRECT_OBJC_ISA_USAGE = YES_ERROR;
				CLANG_WARN_DOCUMENTATION_COMMENTS = YES;
				CLANG_WARN_EMPTY_BODY = YES;
				CLANG_WARN_ENUM_CONVERSION = YES;
				CLANG_WARN_INFINITE_RECURSION = YES;
				CLANG_WARN_INT_CONVERSION = YES;
				CLANG_WARN_NON_LITERAL_NULL_CONVERSION = YES;
				CLANG_WARN_OBJC_LITERAL_CONVERSION = YES;
				CLANG_WARN_OBJC_ROOT_CLASS = YES_ERROR;
				CLANG_WARN_RANGE_LOOP_ANALYSIS = YES;
				CLANG_WARN_STRICT_PROTOTYPES = YES;
				CLANG_WARN_SUSPICIOUS_MOVE = YES;
				CLANG_WARN_UNGUARDED_AVAILABILITY = YES_AGGRESSIVE;
				CLANG_WARN_UNREACHABLE_CODE = YES;
				CLANG_WARN__DUPLICATE_METHOD_MATCH = YES;
				CODE_SIGN_IDENTITY = "iPhone Developer";
				COPY_PHASE_STRIP = NO;
				DEBUG_INFORMATION_FORMAT = dwarf;
				ENABLE_STRICT_OBJC_MSGSEND = YES;
				ENABLE_TESTABILITY = YES;
				GCC_C_LANGUAGE_STANDARD = gnu11;
				GCC_DYNAMIC_NO_PIC = NO;
				GCC_NO_COMMON_BLOCKS = YES;
				GCC_OPTIMIZATION_LEVEL = 0;
				GCC_PREPROCESSOR_DEFINITIONS = (
					"DEBUG=1",
					"$(inherited)",
				);
				GCC_WARN_64_TO_32_BIT_CONVERSION = YES;
				GCC_WARN_ABOUT_RETURN_TYPE = YES_ERROR;
				GCC_WARN_UNDECLARED_SELECTOR = YES;
				GCC_WARN_UNINITIALIZED_AUTOS = YES_AGGRESSIVE;
				GCC_WARN_UNUSED_FUNCTION = YES;
				GCC_WARN_UNUSED_VARIABLE = YES;
				IPHONEOS_DEPLOYMENT_TARGET = 10.3;
				MTL_ENABLE_DEBUG_INFO = YES;
				ONLY_ACTIVE_ARCH = YES;
				SDKROOT = iphoneos;
				SWIFT_ACTIVE_COMPILATION_CONDITIONS = DEBUG;
				SWIFT_OPTIMIZATION_LEVEL = "-Onone";
			};
			name = Debug;
		};
		4B311A7B1F7B676800E472A4 /* Release */ = {
			isa = XCBuildConfiguration;
			buildSettings = {
				ALWAYS_SEARCH_USER_PATHS = NO;
				CLANG_ANALYZER_NONNULL = YES;
				CLANG_ANALYZER_NUMBER_OBJECT_CONVERSION = YES_AGGRESSIVE;
				CLANG_CXX_LANGUAGE_STANDARD = "gnu++14";
				CLANG_CXX_LIBRARY = "libc++";
				CLANG_ENABLE_MODULES = YES;
				CLANG_ENABLE_OBJC_ARC = YES;
				CLANG_WARN_BLOCK_CAPTURE_AUTORELEASING = YES;
				CLANG_WARN_BOOL_CONVERSION = YES;
				CLANG_WARN_COMMA = YES;
				CLANG_WARN_CONSTANT_CONVERSION = YES;
				CLANG_WARN_DIRECT_OBJC_ISA_USAGE = YES_ERROR;
				CLANG_WARN_DOCUMENTATION_COMMENTS = YES;
				CLANG_WARN_EMPTY_BODY = YES;
				CLANG_WARN_ENUM_CONVERSION = YES;
				CLANG_WARN_INFINITE_RECURSION = YES;
				CLANG_WARN_INT_CONVERSION = YES;
				CLANG_WARN_NON_LITERAL_NULL_CONVERSION = YES;
				CLANG_WARN_OBJC_LITERAL_CONVERSION = YES;
				CLANG_WARN_OBJC_ROOT_CLASS = YES_ERROR;
				CLANG_WARN_RANGE_LOOP_ANALYSIS = YES;
				CLANG_WARN_STRICT_PROTOTYPES = YES;
				CLANG_WARN_SUSPICIOUS_MOVE = YES;
				CLANG_WARN_UNGUARDED_AVAILABILITY = YES_AGGRESSIVE;
				CLANG_WARN_UNREACHABLE_CODE = YES;
				CLANG_WARN__DUPLICATE_METHOD_MATCH = YES;
				CODE_SIGN_IDENTITY = "iPhone Developer";
				COPY_PHASE_STRIP = NO;
				DEBUG_INFORMATION_FORMAT = "dwarf-with-dsym";
				ENABLE_NS_ASSERTIONS = NO;
				ENABLE_STRICT_OBJC_MSGSEND = YES;
				GCC_C_LANGUAGE_STANDARD = gnu11;
				GCC_NO_COMMON_BLOCKS = YES;
				GCC_WARN_64_TO_32_BIT_CONVERSION = YES;
				GCC_WARN_ABOUT_RETURN_TYPE = YES_ERROR;
				GCC_WARN_UNDECLARED_SELECTOR = YES;
				GCC_WARN_UNINITIALIZED_AUTOS = YES_AGGRESSIVE;
				GCC_WARN_UNUSED_FUNCTION = YES;
				GCC_WARN_UNUSED_VARIABLE = YES;
				IPHONEOS_DEPLOYMENT_TARGET = 10.3;
				MTL_ENABLE_DEBUG_INFO = NO;
				SDKROOT = iphoneos;
				SWIFT_OPTIMIZATION_LEVEL = "-Owholemodule";
				VALIDATE_PRODUCT = YES;
			};
			name = Release;
		};
		4B311A7D1F7B676800E472A4 /* Debug */ = {
			isa = XCBuildConfiguration;
			baseConfigurationReference = 80B810861020EC52C9250974 /* Pods-MySceneKit.debug.xcconfig */;
			buildSettings = {
				ASSETCATALOG_COMPILER_APPICON_NAME = AppIcon;
				CLANG_ENABLE_MODULES = YES;
				CODE_SIGN_STYLE = Automatic;
				DEVELOPMENT_TEAM = 2RW8Q6Y7W7;
				ENABLE_BITCODE = NO;
				FRAMEWORK_SEARCH_PATHS = (
					"$(inherited)",
					"$(PROJECT_DIR)/libs/Aiya",
				);
				INFOPLIST_FILE = "$(SRCROOT)/MySceneKit/assets/Info.plist";
				LD_RUNPATH_SEARCH_PATHS = "$(inherited) @executable_path/Frameworks";
				PRODUCT_BUNDLE_IDENTIFIER = org.kaka.MySceneKit;
				PRODUCT_NAME = "$(TARGET_NAME)";
				SWIFT_OBJC_BRIDGING_HEADER = "MySceneKit/MySceneKit-Bridging-Header.h";
				SWIFT_OPTIMIZATION_LEVEL = "-Onone";
				SWIFT_VERSION = 4.0;
				TARGETED_DEVICE_FAMILY = "1,2";
			};
			name = Debug;
		};
		4B311A7E1F7B676800E472A4 /* Release */ = {
			isa = XCBuildConfiguration;
			baseConfigurationReference = AB299583F321BEC566F448EA /* Pods-MySceneKit.release.xcconfig */;
			buildSettings = {
				ASSETCATALOG_COMPILER_APPICON_NAME = AppIcon;
				CLANG_ENABLE_MODULES = YES;
				CODE_SIGN_STYLE = Automatic;
				DEVELOPMENT_TEAM = 2RW8Q6Y7W7;
				ENABLE_BITCODE = NO;
				FRAMEWORK_SEARCH_PATHS = (
					"$(inherited)",
					"$(PROJECT_DIR)/libs/Aiya",
				);
				INFOPLIST_FILE = "$(SRCROOT)/MySceneKit/assets/Info.plist";
				LD_RUNPATH_SEARCH_PATHS = "$(inherited) @executable_path/Frameworks";
				PRODUCT_BUNDLE_IDENTIFIER = org.kaka.MySceneKit;
				PRODUCT_NAME = "$(TARGET_NAME)";
				SWIFT_OBJC_BRIDGING_HEADER = "MySceneKit/MySceneKit-Bridging-Header.h";
				SWIFT_VERSION = 4.0;
				TARGETED_DEVICE_FAMILY = "1,2";
			};
			name = Release;
		};
/* End XCBuildConfiguration section */

/* Begin XCConfigurationList section */
		4B311A651F7B676800E472A4 /* Build configuration list for PBXProject "MySceneKit" */ = {
			isa = XCConfigurationList;
			buildConfigurations = (
				4B311A7A1F7B676800E472A4 /* Debug */,
				4B311A7B1F7B676800E472A4 /* Release */,
			);
			defaultConfigurationIsVisible = 0;
			defaultConfigurationName = Release;
		};
		4B311A7C1F7B676800E472A4 /* Build configuration list for PBXNativeTarget "MySceneKit" */ = {
			isa = XCConfigurationList;
			buildConfigurations = (
				4B311A7D1F7B676800E472A4 /* Debug */,
				4B311A7E1F7B676800E472A4 /* Release */,
			);
			defaultConfigurationIsVisible = 0;
			defaultConfigurationName = Release;
		};
/* End XCConfigurationList section */
	};
	rootObject = 4B311A621F7B676800E472A4 /* Project object */;
}
